{
  "name": "main",
  "version": "1.0.0",
  "lockfileVersion": 3,
  "requires": true,
  "packages": {
    "": {
      "name": "main",
      "version": "1.0.0",
      "dependencies": {
        "@tosspayments/tosspayments-sdk": "^2.3.5"
      }
    },
    "node_modules/@tosspayments/tosspayments-sdk": {
      "version": "2.3.5",
      "resolved": "https://registry.npmjs.org/@tosspayments/tosspayments-sdk/-/tosspayments-sdk-2.3.5.tgz",
      "integrity": "sha512-XHi6e9LrF02vm4vuhrt8B4BaDUuyL0sQtdp21HITCUFdyRRB+lQKLZSRcBb8VTpymrCISlg/j8mT2r/QlJmipg==",
      "license": "MIT"
    }
  }
}
